{
  "originHash" : "4a139e5559d9e45865f4e0c8475c02accc2329270773a579769635dc4738fc06",
  "pins" : [
    {
      "identity" : "desert-ant-core",
      "kind" : "remoteSourceControl",
      "location" : "https://github.com/Desert-Ant-Labs/desert-ant-core.git",
      "state" : {
        "revision" : "9e11fdf9566df2e34b9516ac76403b1ff0f839d8",
        "version" : "3.1.0"
      }
    },
    {
      "identity" : "keyboardshortcuts",
      "kind" : "remoteSourceControl",
      "location" : "https://github.com/sindresorhus/KeyboardShortcuts",
      "state" : {
        "revision" : "1aef85578fdd4f9eaeeb8d53b7b4fc31bf08fe27",
        "version" : "2.4.0"
      }
    },
    {
      "identity" : "swift-numerics",
      "kind" : "remoteSourceControl",
      "location" : "https://github.com/apple/swift-numerics",
      "state" : {
        "revision" : "0c0290ff6b24942dadb83a929ffaaa1481df04a2",
        "version" : "1.1.1"
      }
    }
  ],
  "version" : 3
}
